
Microsoft Visual Studio Solution File, Format Version 12.00
# Visual Studio Version 17
VisualStudioVersion = 17.3.32922.545
MinimumVisualStudioVersion = 10.0.40219.1
Project("{FAE04EC0-301F-11D3-BF4B-00C04F79EFBC}") = "W88.Unsubscribe", "W88.Unsubscribe.csproj", "{6981C1B1-C38B-4C4E-9808-56E3FCDA0C10}"
EndProject
Global
	GlobalSection(SolutionConfigurationPlatforms) = preSolution
		Debug|Any CPU = Debug|Any CPU
		Release|Any CPU = Release|Any CPU
	EndGlobalSection
	GlobalSection(ProjectConfigurationPlatforms) = postSolution
		{6981C1B1-C38B-4C4E-9808-56E3FCDA0C10}.Debug|Any CPU.ActiveCfg = Debug|Any CPU
		{6981C1B1-C38B-4C4E-9808-56E3FCDA0C10}.Debug|Any CPU.Build.0 = Debug|Any CPU
		{6981C1B1-C38B-4C4E-9808-56E3FCDA0C10}.Release|Any CPU.ActiveCfg = Release|Any CPU
		{6981C1B1-C38B-4C4E-9808-56E3FCDA0C10}.Release|Any CPU.Build.0 = Release|Any CPU
	EndGlobalSection
	GlobalSection(SolutionProperties) = preSolution
		HideSolutionNode = FALSE
	EndGlobalSection
	GlobalSection(ExtensibilityGlobals) = postSolution
		SolutionGuid = {FEC76B97-D052-48D6-9680-F3167086B735}
	EndGlobalSection
EndGlobal
